Microsoft Visual Studio Solution File, Format Version 12.00
# Visual Studio Version 17
VisualStudioVersion = 17.5.2.0
MinimumVisualStudioVersion = 10.0.40219.1
Project("{FAE04EC0-301F-11D3-BF4B-00C04F79EFBC}") = "XiaoZhi.Net.Test", "XiaoZhi.Net.Test.csproj", "{BA65A189-7C3C-89BD-FDC3-9B9CBEF041B4}"
EndProject
Global
	GlobalSection(SolutionConfigurationPlatforms) = preSolution
		Debug|Any CPU = Debug|Any CPU
		Release|Any CPU = Release|Any CPU
	EndGlobalSection
	GlobalSection(ProjectConfigurationPlatforms) = postSolution
		{BA65A189-7C3C-89BD-FDC3-9B9CBEF041B4}.Debug|Any CPU.ActiveCfg = Debug|Any CPU
		{BA65A189-7C3C-89BD-FDC3-9B9CBEF041B4}.Debug|Any CPU.Build.0 = Debug|Any CPU
		{BA65A189-7C3C-89BD-FDC3-9B9CBEF041B4}.Release|Any CPU.ActiveCfg = Release|Any CPU
		{BA65A189-7C3C-89BD-FDC3-9B9CBEF041B4}.Release|Any CPU.Build.0 = Release|Any CPU
	EndGlobalSection
	GlobalSection(SolutionProperties) = preSolution
		HideSolutionNode = FALSE
	EndGlobalSection
	GlobalSection(ExtensibilityGlobals) = postSolution
		SolutionGuid = {8137C2EB-41BF-43D1-AEEB-485DD96627F7}
	EndGlobalSection
EndGlobal
